
Microsoft Visual Studio Solution File, Format Version 12.00
# Visual Studio 15
VisualStudioVersion = 15.0.27004.2010
MinimumVisualStudioVersion = 10.0.40219.1
Project("{9A19103F-16F7-4668-BE54-9A1E7A4F7556}") = "SpookilySharp", "SpookilySharp\SpookilySharp.csproj", "{F735673C-2930-4DA4-88B0-3C84784362FB}"
EndProject
Project("{9A19103F-16F7-4668-BE54-9A1E7A4F7556}") = "SpookyHashTesting", "SpookyHashTesting\SpookyHashTesting.csproj", "{4F8556CD-E103-45E0-A999-26B22714FC40}"
EndProject
Project("{9A19103F-16F7-4668-BE54-9A1E7A4F7556}") = "SpookyHashTestingFromNuget", "SpookyHashTesting\SpookyHashTestingFromNuget.csproj", "{C41F7353-E830-4B89-A0D6-6F319CB4E71B}"
EndProject
Global
	GlobalSection(SolutionConfigurationPlatforms) = preSolution
		Debug|Any CPU = Debug|Any CPU
		Release|Any CPU = Release|Any CPU
	EndGlobalSection
	GlobalSection(ProjectConfigurationPlatforms) = postSolution
		{F735673C-2930-4DA4-88B0-3C84784362FB}.Debug|Any CPU.ActiveCfg = Debug|Any CPU
		{F735673C-2930-4DA4-88B0-3C84784362FB}.Debug|Any CPU.Build.0 = Debug|Any CPU
		{F735673C-2930-4DA4-88B0-3C84784362FB}.Release|Any CPU.ActiveCfg = Release|Any CPU
		{F735673C-2930-4DA4-88B0-3C84784362FB}.Release|Any CPU.Build.0 = Release|Any CPU
		{4F8556CD-E103-45E0-A999-26B22714FC40}.Debug|Any CPU.ActiveCfg = Debug|Any CPU
		{4F8556CD-E103-45E0-A999-26B22714FC40}.Debug|Any CPU.Build.0 = Debug|Any CPU
		{4F8556CD-E103-45E0-A999-26B22714FC40}.Release|Any CPU.ActiveCfg = Release|Any CPU
		{4F8556CD-E103-45E0-A999-26B22714FC40}.Release|Any CPU.Build.0 = Release|Any CPU
		{C41F7353-E830-4B89-A0D6-6F319CB4E71B}.Debug|Any CPU.ActiveCfg = Debug|Any CPU
		{C41F7353-E830-4B89-A0D6-6F319CB4E71B}.Debug|Any CPU.Build.0 = Debug|Any CPU
		{C41F7353-E830-4B89-A0D6-6F319CB4E71B}.Release|Any CPU.ActiveCfg = Release|Any CPU
		{C41F7353-E830-4B89-A0D6-6F319CB4E71B}.Release|Any CPU.Build.0 = Release|Any CPU
	EndGlobalSection
	GlobalSection(SolutionProperties) = preSolution
		HideSolutionNode = FALSE
	EndGlobalSection
	GlobalSection(ExtensibilityGlobals) = postSolution
		SolutionGuid = {0E7C2AD2-8648-4FE4-8EFF-8958D3BF7714}
	EndGlobalSection
EndGlobal
