
Microsoft Visual Studio Solution File, Format Version 11.00
# Visual Studio 2010
# SharpDevelop 4.3
Project("{FAE04EC0-301F-11D3-BF4B-00C04F79EFBC}") = "TestNuGet", "TestNuGet\TestNuGet.csproj", "{F77D6102-2B0C-4273-8D16-39B1477F0134}"
EndProject
Global
	GlobalSection(SolutionConfigurationPlatforms) = preSolution
		Debug|Any CPU = Debug|Any CPU
		Release|Any CPU = Release|Any CPU
	EndGlobalSection
	GlobalSection(ProjectConfigurationPlatforms) = postSolution
		{F77D6102-2B0C-4273-8D16-39B1477F0134}.Debug|Any CPU.Build.0 = Debug|Any CPU
		{F77D6102-2B0C-4273-8D16-39B1477F0134}.Debug|Any CPU.ActiveCfg = Debug|Any CPU
		{F77D6102-2B0C-4273-8D16-39B1477F0134}.Release|Any CPU.Build.0 = Release|Any CPU
		{F77D6102-2B0C-4273-8D16-39B1477F0134}.Release|Any CPU.ActiveCfg = Release|Any CPU
	EndGlobalSection
EndGlobal
